{
	archiveVersion = 1;
	objectVersion = 50;
	classes = {
	};
	objects = {

/* Begin PBXCopyFilesBuildPhase section */
		4C5DEAEA21BAF22900E08111 = {
			isa = PBXCopyFilesBuildPhase;
			files = (
			);
			buildActionMask = 2147483647;
			runOnlyForDeploymentPostprocessing = 1;
			dstPath = /usr/share/man/man1/;
			dstSubfolderSpec = 0;
		};
/* End PBXCopyFilesBuildPhase section */

/* Begin PBXFileReference section */
		4C5DEAEC21BAF22900E08111 = {
			isa = PBXFileReference;
			explicitFileType = "compiled.mach-o.executable";
			path = WMS;
			sourceTree = BUILT_PRODUCTS_DIR;
			includeInIndex = 0;
		};
		37b932cdc1be43f185c880ba = {
			isa = PBXFileReference;
			fileEncoding = 4;
			lastKnownFileType = text.xcconfig;
			path = vcreference.xcconfig;
			sourceTree = "<group>";
		};
/* End PBXFileReference section */

/* Begin PBXFrameworksBuildPhase section */
		4C5DEAE921BAF22900E08111 = {
			isa = PBXFrameworksBuildPhase;
			files = (
			);
			buildActionMask = 2147483647;
			runOnlyForDeploymentPostprocessing = 0;
		};
/* End PBXFrameworksBuildPhase section */

/* Begin PBXGroup section */
		4C5DEAE321BAF22900E08111 = {
			isa = PBXGroup;
			sourceTree = "<group>";
			children = (
				4C5DEAED21BAF22900E08111,
				37b932cdc1be43f185c880ba,
			);
		};
		4C5DEAED21BAF22900E08111 = {
			isa = PBXGroup;
			name = Products;
			sourceTree = "<group>";
			children = (
				4C5DEAEC21BAF22900E08111,
			);
		};
/* End PBXGroup section */

/* Begin PBXNativeTarget section */
		4C5DEAEB21BAF22900E08111 = {
			isa = PBXNativeTarget;
			buildPhases = (
				4C5DEAE821BAF22900E08111,
				4C5DEAE921BAF22900E08111,
				4C5DEAEA21BAF22900E08111,
			);
			dependencies = (
			);
			name = WMS;
			productName = WMS;
			productReference = 4C5DEAEC21BAF22900E08111;
			productType = "com.apple.product-type.tool";
			buildConfigurationList = 4C5DEAF321BAF22900E08111;
			buildRules = (
			);
		};
/* End PBXNativeTarget section */

/* Begin PBXProject section */
		4C5DEAE421BAF22900E08111 = {
			isa = PBXProject;
			buildConfigurationList = 4C5DEAE721BAF22900E08111;
			compatibilityVersion = "Xcode 9.3";
			developmentRegion = en;
			hasScannedForEncodings = 0;
			knownRegions = (
				en,
			);
			mainGroup = 4C5DEAE321BAF22900E08111;
			productRefGroup = 4C5DEAED21BAF22900E08111;
			projectDirPath = "";
			attributes = {
				LastUpgradeCheck = 1010;
				ORGANIZATIONNAME = "赵楚涵";
				TargetAttributes = {
					4C5DEAEB21BAF22900E08111 = {
						CreatedOnToolsVersion = 10.1;
					};
				};
				VC_Properties = {
					VC_ProjectGuid = C8F231EA612B4BA2AEAD81164568C61F;
					VC_Configuration_e8c106a2667f0d71629d0fb8d0454a18 = {
						VC_Reference_XCConfig = vcreference.xcconfig;
					};
					VC_Configuration_4de7112a6443cbeadb71140595862a5e = {
						VC_Reference_XCConfig = vcreference.xcconfig;
					};
					VC_Configuration_d62d5a6a6d24d167ead1d329e121633f = {
						VC_Reference_XCConfig = vcreference.xcconfig;
					};
					VC_Configuration_fe6b20629f481c2b96a33e661c523462 = {
						VC_Reference_XCConfig = vcreference.xcconfig;
					};
					VC_Configuration_946fe65a3179a8f8ef233afea759ec41 = {
						VC_Reference_XCConfig = vcreference.xcconfig;
					};
					VC_Configuration_16b8fca4977fc7c71218ac181c179dc6 = {
						VC_Reference_XCConfig = vcreference.xcconfig;
					};
					VC_Configuration_afdf67fb8a21ae2035b4a81dfa5462f5 = {
						VC_Reference_XCConfig = vcreference.xcconfig;
					};
					VC_Configuration_f7b220e1b68d4fe52655246c0aa84257 = {
						VC_Reference_XCConfig = vcreference.xcconfig;
					};
					VC_ProjectReferences = {
						71691bb7-9358-4cf9-989d-343b7a75d0cc = WMS.vcxproj;
					};
				};
			};
			projectRoot = "";
			targets = (
				4C5DEAEB21BAF22900E08111,
			);
		};
/* End PBXProject section */

/* Begin PBXSourcesBuildPhase section */
		4C5DEAE821BAF22900E08111 = {
			isa = PBXSourcesBuildPhase;
			files = (
			);
			buildActionMask = 2147483647;
			runOnlyForDeploymentPostprocessing = 0;
		};
/* End PBXSourcesBuildPhase section */

/* Begin XCBuildConfiguration section */
		4C5DEAF121BAF22900E08111 = {
			isa = XCBuildConfiguration;
			buildSettings = {
				ALWAYS_SEARCH_USER_PATHS = NO;
				CLANG_ANALYZER_NONNULL = YES;
				CLANG_ANALYZER_NUMBER_OBJECT_CONVERSION = YES_AGGRESSIVE;
				CLANG_CXX_LANGUAGE_STANDARD = "gnu++14";
				CLANG_CXX_LIBRARY = "libc++";
				CLANG_ENABLE_MODULES = YES;
				CLANG_ENABLE_OBJC_ARC = YES;
				CLANG_ENABLE_OBJC_WEAK = YES;
				CLANG_WARN_BLOCK_CAPTURE_AUTORELEASING = YES;
				CLANG_WARN_BOOL_CONVERSION = YES;
				CLANG_WARN_COMMA = YES;
				CLANG_WARN_CONSTANT_CONVERSION = YES;
				CLANG_WARN_DEPRECATED_OBJC_IMPLEMENTATIONS = YES;
				CLANG_WARN_DIRECT_OBJC_ISA_USAGE = YES_ERROR;
				CLANG_WARN_DOCUMENTATION_COMMENTS = YES;
				CLANG_WARN_EMPTY_BODY = YES;
				CLANG_WARN_ENUM_CONVERSION = YES;
				CLANG_WARN_INFINITE_RECURSION = YES;
				CLANG_WARN_INT_CONVERSION = YES;
				CLANG_WARN_NON_LITERAL_NULL_CONVERSION = YES;
				CLANG_WARN_OBJC_IMPLICIT_RETAIN_SELF = YES;
				CLANG_WARN_OBJC_LITERAL_CONVERSION = YES;
				CLANG_WARN_OBJC_ROOT_CLASS = YES_ERROR;
				CLANG_WARN_RANGE_LOOP_ANALYSIS = YES;
				CLANG_WARN_STRICT_PROTOTYPES = YES;
				CLANG_WARN_SUSPICIOUS_MOVE = YES;
				CLANG_WARN_UNGUARDED_AVAILABILITY = YES_AGGRESSIVE;
				CLANG_WARN_UNREACHABLE_CODE = YES;
				CLANG_WARN__DUPLICATE_METHOD_MATCH = YES;
				CODE_SIGN_IDENTITY = "-";
				COPY_PHASE_STRIP = NO;
				DEBUG_INFORMATION_FORMAT = dwarf;
				ENABLE_STRICT_OBJC_MSGSEND = YES;
				ENABLE_TESTABILITY = YES;
				GCC_C_LANGUAGE_STANDARD = gnu11;
				GCC_DYNAMIC_NO_PIC = NO;
				GCC_NO_COMMON_BLOCKS = YES;
				GCC_OPTIMIZATION_LEVEL = 0;
				GCC_PREPROCESSOR_DEFINITIONS = (
					"DEBUG=1",
					"$(inherited)",
				);
				GCC_WARN_64_TO_32_BIT_CONVERSION = YES;
				GCC_WARN_ABOUT_RETURN_TYPE = YES_ERROR;
				GCC_WARN_UNDECLARED_SELECTOR = YES;
				GCC_WARN_UNINITIALIZED_AUTOS = YES_AGGRESSIVE;
				GCC_WARN_UNUSED_FUNCTION = YES;
				GCC_WARN_UNUSED_VARIABLE = YES;
				MACOSX_DEPLOYMENT_TARGET = 10.14;
				MTL_ENABLE_DEBUG_INFO = INCLUDE_SOURCE;
				MTL_FAST_MATH = YES;
				ONLY_ACTIVE_ARCH = YES;
				SDKROOT = macosx;
			};
			name = Debug;
		};
		4C5DEAF221BAF22900E08111 = {
			isa = XCBuildConfiguration;
			buildSettings = {
				ALWAYS_SEARCH_USER_PATHS = NO;
				CLANG_ANALYZER_NONNULL = YES;
				CLANG_ANALYZER_NUMBER_OBJECT_CONVERSION = YES_AGGRESSIVE;
				CLANG_CXX_LANGUAGE_STANDARD = "gnu++14";
				CLANG_CXX_LIBRARY = "libc++";
				CLANG_ENABLE_MODULES = YES;
				CLANG_ENABLE_OBJC_ARC = YES;
				CLANG_ENABLE_OBJC_WEAK = YES;
				CLANG_WARN_BLOCK_CAPTURE_AUTORELEASING = YES;
				CLANG_WARN_BOOL_CONVERSION = YES;
				CLANG_WARN_COMMA = YES;
				CLANG_WARN_CONSTANT_CONVERSION = YES;
				CLANG_WARN_DEPRECATED_OBJC_IMPLEMENTATIONS = YES;
				CLANG_WARN_DIRECT_OBJC_ISA_USAGE = YES_ERROR;
				CLANG_WARN_DOCUMENTATION_COMMENTS = YES;
				CLANG_WARN_EMPTY_BODY = YES;
				CLANG_WARN_ENUM_CONVERSION = YES;
				CLANG_WARN_INFINITE_RECURSION = YES;
				CLANG_WARN_INT_CONVERSION = YES;
				CLANG_WARN_NON_LITERAL_NULL_CONVERSION = YES;
				CLANG_WARN_OBJC_IMPLICIT_RETAIN_SELF = YES;
				CLANG_WARN_OBJC_LITERAL_CONVERSION = YES;
				CLANG_WARN_OBJC_ROOT_CLASS = YES_ERROR;
				CLANG_WARN_RANGE_LOOP_ANALYSIS = YES;
				CLANG_WARN_STRICT_PROTOTYPES = YES;
				CLANG_WARN_SUSPICIOUS_MOVE = YES;
				CLANG_WARN_UNGUARDED_AVAILABILITY = YES_AGGRESSIVE;
				CLANG_WARN_UNREACHABLE_CODE = YES;
				CLANG_WARN__DUPLICATE_METHOD_MATCH = YES;
				CODE_SIGN_IDENTITY = "-";
				COPY_PHASE_STRIP = NO;
				DEBUG_INFORMATION_FORMAT = "dwarf-with-dsym";
				ENABLE_NS_ASSERTIONS = NO;
				ENABLE_STRICT_OBJC_MSGSEND = YES;
				GCC_C_LANGUAGE_STANDARD = gnu11;
				GCC_NO_COMMON_BLOCKS = YES;
				GCC_WARN_64_TO_32_BIT_CONVERSION = YES;
				GCC_WARN_ABOUT_RETURN_TYPE = YES_ERROR;
				GCC_WARN_UNDECLARED_SELECTOR = YES;
				GCC_WARN_UNINITIALIZED_AUTOS = YES_AGGRESSIVE;
				GCC_WARN_UNUSED_FUNCTION = YES;
				GCC_WARN_UNUSED_VARIABLE = YES;
				MACOSX_DEPLOYMENT_TARGET = 10.14;
				MTL_ENABLE_DEBUG_INFO = NO;
				MTL_FAST_MATH = YES;
				SDKROOT = macosx;
			};
			name = Release;
		};
		4C5DEAF421BAF22900E08111 = {
			isa = XCBuildConfiguration;
			buildSettings = {
				CODE_SIGN_STYLE = Automatic;
				PRODUCT_NAME = "$(TARGET_NAME)";
			};
			name = Debug;
			baseConfigurationReference = 37b932cdc1be43f185c880ba;
		};
		4C5DEAF521BAF22900E08111 = {
			isa = XCBuildConfiguration;
			buildSettings = {
				CODE_SIGN_STYLE = Automatic;
				PRODUCT_NAME = "$(TARGET_NAME)";
			};
			name = Release;
			baseConfigurationReference = 37b932cdc1be43f185c880ba;
		};
/* End XCBuildConfiguration section */

/* Begin XCConfigurationList section */
		4C5DEAE721BAF22900E08111 = {
			isa = XCConfigurationList;
			buildConfigurations = (
				4C5DEAF121BAF22900E08111,
				4C5DEAF221BAF22900E08111,
			);
			defaultConfigurationIsVisible = 0;
			defaultConfigurationName = Release;
		};
		4C5DEAF321BAF22900E08111 = {
			isa = XCConfigurationList;
			buildConfigurations = (
				4C5DEAF421BAF22900E08111,
				4C5DEAF521BAF22900E08111,
			);
			defaultConfigurationIsVisible = 0;
			defaultConfigurationName = Release;
		};
/* End XCConfigurationList section */
	};
	rootObject = 4C5DEAE421BAF22900E08111;
}